
Microsoft Visual Studio Solution File, Format Version 12.00
# Visual Studio Version 16
VisualStudioVersion = 16.0.30114.105
MinimumVisualStudioVersion = 10.0.40219.1
Project("{FAE04EC0-301F-11D3-BF4B-00C04F79EFBC}") = "desafio-mvcTeste", "desafio-mvcTeste\desafio-mvcTeste.csproj", "{785B4393-7B51-4F6C-AB7C-271858DB0FD7}"
EndProject
Project("{FAE04EC0-301F-11D3-BF4B-00C04F79EFBC}") = "desafio-mvc", "desafio-mvc\desafio-mvc.csproj", "{898B664D-6057-4541-B428-331518A2104A}"
EndProject
Global
	GlobalSection(SolutionConfigurationPlatforms) = preSolution
		Debug|Any CPU = Debug|Any CPU
		Debug|x64 = Debug|x64
		Debug|x86 = Debug|x86
		Release|Any CPU = Release|Any CPU
		Release|x64 = Release|x64
		Release|x86 = Release|x86
	EndGlobalSection
	GlobalSection(SolutionProperties) = preSolution
		HideSolutionNode = FALSE
	EndGlobalSection
	GlobalSection(ProjectConfigurationPlatforms) = postSolution
		{785B4393-7B51-4F6C-AB7C-271858DB0FD7}.Debug|Any CPU.ActiveCfg = Debug|Any CPU
		{785B4393-7B51-4F6C-AB7C-271858DB0FD7}.Debug|Any CPU.Build.0 = Debug|Any CPU
		{785B4393-7B51-4F6C-AB7C-271858DB0FD7}.Debug|x64.ActiveCfg = Debug|Any CPU
		{785B4393-7B51-4F6C-AB7C-271858DB0FD7}.Debug|x64.Build.0 = Debug|Any CPU
		{785B4393-7B51-4F6C-AB7C-271858DB0FD7}.Debug|x86.ActiveCfg = Debug|Any CPU
		{785B4393-7B51-4F6C-AB7C-271858DB0FD7}.Debug|x86.Build.0 = Debug|Any CPU
		{785B4393-7B51-4F6C-AB7C-271858DB0FD7}.Release|Any CPU.ActiveCfg = Release|Any CPU
		{785B4393-7B51-4F6C-AB7C-271858DB0FD7}.Release|Any CPU.Build.0 = Release|Any CPU
		{785B4393-7B51-4F6C-AB7C-271858DB0FD7}.Release|x64.ActiveCfg = Release|Any CPU
		{785B4393-7B51-4F6C-AB7C-271858DB0FD7}.Release|x64.Build.0 = Release|Any CPU
		{785B4393-7B51-4F6C-AB7C-271858DB0FD7}.Release|x86.ActiveCfg = Release|Any CPU
		{785B4393-7B51-4F6C-AB7C-271858DB0FD7}.Release|x86.Build.0 = Release|Any CPU
		{898B664D-6057-4541-B428-331518A2104A}.Debug|Any CPU.ActiveCfg = Debug|Any CPU
		{898B664D-6057-4541-B428-331518A2104A}.Debug|Any CPU.Build.0 = Debug|Any CPU
		{898B664D-6057-4541-B428-331518A2104A}.Debug|x64.ActiveCfg = Debug|Any CPU
		{898B664D-6057-4541-B428-331518A2104A}.Debug|x64.Build.0 = Debug|Any CPU
		{898B664D-6057-4541-B428-331518A2104A}.Debug|x86.ActiveCfg = Debug|Any CPU
		{898B664D-6057-4541-B428-331518A2104A}.Debug|x86.Build.0 = Debug|Any CPU
		{898B664D-6057-4541-B428-331518A2104A}.Release|Any CPU.ActiveCfg = Release|Any CPU
		{898B664D-6057-4541-B428-331518A2104A}.Release|Any CPU.Build.0 = Release|Any CPU
		{898B664D-6057-4541-B428-331518A2104A}.Release|x64.ActiveCfg = Release|Any CPU
		{898B664D-6057-4541-B428-331518A2104A}.Release|x64.Build.0 = Release|Any CPU
		{898B664D-6057-4541-B428-331518A2104A}.Release|x86.ActiveCfg = Release|Any CPU
		{898B664D-6057-4541-B428-331518A2104A}.Release|x86.Build.0 = Release|Any CPU
	EndGlobalSection
EndGlobal
